
Microsoft Visual Studio Solution File, Format Version 12.00
# Visual Studio Version 17
VisualStudioVersion = 17.10.35013.160
MinimumVisualStudioVersion = 10.0.40219.1
Project("{FAE04EC0-301F-11D3-BF4B-00C04F79EFBC}") = "AdvancedAlgosAssignment1", "AdvancedAlgosAssignment1\AdvancedAlgosAssignment1.csproj", "{CCC82757-3834-4C67-9368-460C8929A665}"
EndProject
Global
	GlobalSection(SolutionConfigurationPlatforms) = preSolution
		Debug|Any CPU = Debug|Any CPU
		Release|Any CPU = Release|Any CPU
	EndGlobalSection
	GlobalSection(ProjectConfigurationPlatforms) = postSolution
		{CCC82757-3834-4C67-9368-460C8929A665}.Debug|Any CPU.ActiveCfg = Debug|Any CPU
		{CCC82757-3834-4C67-9368-460C8929A665}.Debug|Any CPU.Build.0 = Debug|Any CPU
		{CCC82757-3834-4C67-9368-460C8929A665}.Release|Any CPU.ActiveCfg = Release|Any CPU
		{CCC82757-3834-4C67-9368-460C8929A665}.Release|Any CPU.Build.0 = Release|Any CPU
	EndGlobalSection
	GlobalSection(SolutionProperties) = preSolution
		HideSolutionNode = FALSE
	EndGlobalSection
	GlobalSection(ExtensibilityGlobals) = postSolution
		SolutionGuid = {7376F3CC-B464-4977-AAC5-66B5ED49646C}
	EndGlobalSection
EndGlobal
